// !$*UTF8*$!
{
	archiveVersion = 1;
	classes = {
	};
	objectVersion = 46;
	objects = {

/* Begin PBXBuildFile section */
		446514C91B8B5983007E63F4 /* main.swift in Sources */ = {isa = PBXBuildFile; fileRef = 446514C81B8B5983007E63F4 /* main.swift */; };
		446514D01B8B59AF007E63F4 /* NSDataConvenientHash.swift in Sources */ = {isa = PBXBuildFile; fileRef = 446514CF1B8B59AF007E63F4 /* NSDataConvenientHash.swift */; };
		446514E51B8B5DFB007E63F4 /* murmurhash.c in Sources */ = {isa = PBXBuildFile; fileRef = 446514E31B8B5DFB007E63F4 /* murmurhash.c */; };
/* End PBXBuildFile section */

/* Begin PBXCopyFilesBuildPhase section */
		446514C31B8B5983007E63F4 /* CopyFiles */ = {
			isa = PBXCopyFilesBuildPhase;
			buildActionMask = 2147483647;
			dstPath = /usr/share/man/man1/;
			dstSubfolderSpec = 0;
			files = (
			);
			runOnlyForDeploymentPostprocessing = 1;
		};
/* End PBXCopyFilesBuildPhase section */

/* Begin PBXFileReference section */
		446514C51B8B5983007E63F4 /* murmurhashNSData */ = {isa = PBXFileReference; explicitFileType = "compiled.mach-o.executable"; includeInIndex = 0; path = murmurhashNSData; sourceTree = BUILT_PRODUCTS_DIR; };
		446514C81B8B5983007E63F4 /* main.swift */ = {isa = PBXFileReference; lastKnownFileType = sourcecode.swift; path = main.swift; sourceTree = "<group>"; };
		446514CF1B8B59AF007E63F4 /* NSDataConvenientHash.swift */ = {isa = PBXFileReference; fileEncoding = 4; lastKnownFileType = sourcecode.swift; path = NSDataConvenientHash.swift; sourceTree = "<group>"; };
		446514E21B8B5DFA007E63F4 /* murmurhashNSData-Bridging-Header.h */ = {isa = PBXFileReference; lastKnownFileType = sourcecode.c.h; path = "murmurhashNSData-Bridging-Header.h"; sourceTree = "<group>"; };
		446514E31B8B5DFB007E63F4 /* murmurhash.c */ = {isa = PBXFileReference; fileEncoding = 4; lastKnownFileType = sourcecode.c.c; path = murmurhash.c; sourceTree = "<group>"; };
		446514E41B8B5DFB007E63F4 /* murmurhash.h */ = {isa = PBXFileReference; fileEncoding = 4; lastKnownFileType = sourcecode.c.h; path = murmurhash.h; sourceTree = "<group>"; };
/* End PBXFileReference section */

/* Begin PBXFrameworksBuildPhase section */
		446514C21B8B5983007E63F4 /* Frameworks */ = {
			isa = PBXFrameworksBuildPhase;
			buildActionMask = 2147483647;
			files = (
			);
			runOnlyForDeploymentPostprocessing = 0;
		};
/* End PBXFrameworksBuildPhase section */

/* Begin PBXGroup section */
		446514BC1B8B5983007E63F4 = {
			isa = PBXGroup;
			children = (
				446514C71B8B5983007E63F4 /* murmurhashNSData */,
				446514C61B8B5983007E63F4 /* Products */,
			);
			sourceTree = "<group>";
		};
		446514C61B8B5983007E63F4 /* Products */ = {
			isa = PBXGroup;
			children = (
				446514C51B8B5983007E63F4 /* murmurhashNSData */,
			);
			name = Products;
			sourceTree = "<group>";
		};
		446514C71B8B5983007E63F4 /* murmurhashNSData */ = {
			isa = PBXGroup;
			children = (
				446514E31B8B5DFB007E63F4 /* murmurhash.c */,
				446514E41B8B5DFB007E63F4 /* murmurhash.h */,
				446514C81B8B5983007E63F4 /* main.swift */,
				446514CF1B8B59AF007E63F4 /* NSDataConvenientHash.swift */,
				446514E21B8B5DFA007E63F4 /* murmurhashNSData-Bridging-Header.h */,
			);
			path = murmurhashNSData;
			sourceTree = "<group>";
		};
/* End PBXGroup section */

/* Begin PBXNativeTarget section */
		446514C41B8B5983007E63F4 /* murmurhashNSData */ = {
			isa = PBXNativeTarget;
			buildConfigurationList = 446514CC1B8B5983007E63F4 /* Build configuration list for PBXNativeTarget "murmurhashNSData" */;
			buildPhases = (
				446514C11B8B5983007E63F4 /* Sources */,
				446514C21B8B5983007E63F4 /* Frameworks */,
				446514C31B8B5983007E63F4 /* CopyFiles */,
			);
			buildRules = (
			);
			dependencies = (
			);
			name = murmurhashNSData;
			productName = murmurhashNSData;
			productReference = 446514C51B8B5983007E63F4 /* murmurhashNSData */;
			productType = "com.apple.product-type.tool";
		};
/* End PBXNativeTarget section */

/* Begin PBXProject section */
		446514BD1B8B5983007E63F4 /* Project object */ = {
			isa = PBXProject;
			attributes = {
				LastUpgradeCheck = 0640;
				ORGANIZATIONNAME = MIPT;
				TargetAttributes = {
					446514C41B8B5983007E63F4 = {
						CreatedOnToolsVersion = 6.4;
					};
				};
			};
			buildConfigurationList = 446514C01B8B5983007E63F4 /* Build configuration list for PBXProject "murmurhashNSData" */;
			compatibilityVersion = "Xcode 3.2";
			developmentRegion = English;
			hasScannedForEncodings = 0;
			knownRegions = (
				en,
			);
			mainGroup = 446514BC1B8B5983007E63F4;
			productRefGroup = 446514C61B8B5983007E63F4 /* Products */;
			projectDirPath = "";
			projectRoot = "";
			targets = (
				446514C41B8B5983007E63F4 /* murmurhashNSData */,
			);
		};
/* End PBXProject section */

/* Begin PBXSourcesBuildPhase section */
		446514C11B8B5983007E63F4 /* Sources */ = {
			isa = PBXSourcesBuildPhase;
			buildActionMask = 2147483647;
			files = (
				446514E51B8B5DFB007E63F4 /* murmurhash.c in Sources */,
				446514D01B8B59AF007E63F4 /* NSDataConvenientHash.swift in Sources */,
				446514C91B8B5983007E63F4 /* main.swift in Sources */,
			);
			runOnlyForDeploymentPostprocessing = 0;
		};
/* End PBXSourcesBuildPhase section */

/* Begin XCBuildConfiguration section */
		446514CA1B8B5983007E63F4 /* Debug */ = {
			isa = XCBuildConfiguration;
			buildSettings = {
				ALWAYS_SEARCH_USER_PATHS = NO;
				CLANG_CXX_LANGUAGE_STANDARD = "gnu++0x";
				CLANG_CXX_LIBRARY = "libc++";
				CLANG_ENABLE_MODULES = YES;
				CLANG_ENABLE_OBJC_ARC = YES;
				CLANG_WARN_BOOL_CONVERSION = YES;
				CLANG_WARN_CONSTANT_CONVERSION = YES;
				CLANG_WARN_DIRECT_OBJC_ISA_USAGE = YES_ERROR;
				CLANG_WARN_EMPTY_BODY = YES;
				CLANG_WARN_ENUM_CONVERSION = YES;
				CLANG_WARN_INT_CONVERSION = YES;
				CLANG_WARN_OBJC_ROOT_CLASS = YES_ERROR;
				CLANG_WARN_UNREACHABLE_CODE = YES;
				CLANG_WARN__DUPLICATE_METHOD_MATCH = YES;
				COPY_PHASE_STRIP = NO;
				DEBUG_INFORMATION_FORMAT = dwarf;
				ENABLE_STRICT_OBJC_MSGSEND = YES;
				GCC_C_LANGUAGE_STANDARD = gnu99;
				GCC_DYNAMIC_NO_PIC = NO;
				GCC_NO_COMMON_BLOCKS = YES;
				GCC_OPTIMIZATION_LEVEL = 0;
				GCC_PREPROCESSOR_DEFINITIONS = (
					"DEBUG=1",
					"$(inherited)",
				);
				GCC_SYMBOLS_PRIVATE_EXTERN = NO;
				GCC_WARN_64_TO_32_BIT_CONVERSION = YES;
				GCC_WARN_ABOUT_RETURN_TYPE = YES_ERROR;
				GCC_WARN_UNDECLARED_SELECTOR = YES;
				GCC_WARN_UNINITIALIZED_AUTOS = YES_AGGRESSIVE;
				GCC_WARN_UNUSED_FUNCTION = YES;
				GCC_WARN_UNUSED_VARIABLE = YES;
				MACOSX_DEPLOYMENT_TARGET = 10.10;
				MTL_ENABLE_DEBUG_INFO = YES;
				ONLY_ACTIVE_ARCH = YES;
				SDKROOT = macosx;
				SWIFT_OPTIMIZATION_LEVEL = "-Onone";
			};
			name = Debug;
		};
		446514CB1B8B5983007E63F4 /* Release */ = {
			isa = XCBuildConfiguration;
			buildSettings = {
				ALWAYS_SEARCH_USER_PATHS = NO;
				CLANG_CXX_LANGUAGE_STANDARD = "gnu++0x";
				CLANG_CXX_LIBRARY = "libc++";
				CLANG_ENABLE_MODULES = YES;
				CLANG_ENABLE_OBJC_ARC = YES;
				CLANG_WARN_BOOL_CONVERSION = YES;
				CLANG_WARN_CONSTANT_CONVERSION = YES;
				CLANG_WARN_DIRECT_OBJC_ISA_USAGE = YES_ERROR;
				CLANG_WARN_EMPTY_BODY = YES;
				CLANG_WARN_ENUM_CONVERSION = YES;
				CLANG_WARN_INT_CONVERSION = YES;
				CLANG_WARN_OBJC_ROOT_CLASS = YES_ERROR;
				CLANG_WARN_UNREACHABLE_CODE = YES;
				CLANG_WARN__DUPLICATE_METHOD_MATCH = YES;
				COPY_PHASE_STRIP = NO;
				DEBUG_INFORMATION_FORMAT = "dwarf-with-dsym";
				ENABLE_NS_ASSERTIONS = NO;
				ENABLE_STRICT_OBJC_MSGSEND = YES;
				GCC_C_LANGUAGE_STANDARD = gnu99;
				GCC_NO_COMMON_BLOCKS = YES;
				GCC_WARN_64_TO_32_BIT_CONVERSION = YES;
				GCC_WARN_ABOUT_RETURN_TYPE = YES_ERROR;
				GCC_WARN_UNDECLARED_SELECTOR = YES;
				GCC_WARN_UNINITIALIZED_AUTOS = YES_AGGRESSIVE;
				GCC_WARN_UNUSED_FUNCTION = YES;
				GCC_WARN_UNUSED_VARIABLE = YES;
				MACOSX_DEPLOYMENT_TARGET = 10.10;
				MTL_ENABLE_DEBUG_INFO = NO;
				SDKROOT = macosx;
			};
			name = Release;
		};
		446514CD1B8B5983007E63F4 /* Debug */ = {
			isa = XCBuildConfiguration;
			buildSettings = {
				CLANG_ENABLE_MODULES = YES;
				LD_RUNPATH_SEARCH_PATHS = "$(inherited) @executable_path/../Frameworks @loader_path/../Frameworks";
				PRODUCT_NAME = "$(TARGET_NAME)";
				SWIFT_OBJC_BRIDGING_HEADER = "murmurhashNSData/murmurhashNSData-Bridging-Header.h";
				SWIFT_OPTIMIZATION_LEVEL = "-Onone";
			};
			name = Debug;
		};
		446514CE1B8B5983007E63F4 /* Release */ = {
			isa = XCBuildConfiguration;
			buildSettings = {
				CLANG_ENABLE_MODULES = YES;
				LD_RUNPATH_SEARCH_PATHS = "$(inherited) @executable_path/../Frameworks @loader_path/../Frameworks";
				PRODUCT_NAME = "$(TARGET_NAME)";
				SWIFT_OBJC_BRIDGING_HEADER = "murmurhashNSData/murmurhashNSData-Bridging-Header.h";
			};
			name = Release;
		};
/* End XCBuildConfiguration section */

/* Begin XCConfigurationList section */
		446514C01B8B5983007E63F4 /* Build configuration list for PBXProject "murmurhashNSData" */ = {
			isa = XCConfigurationList;
			buildConfigurations = (
				446514CA1B8B5983007E63F4 /* Debug */,
				446514CB1B8B5983007E63F4 /* Release */,
			);
			defaultConfigurationIsVisible = 0;
			defaultConfigurationName = Release;
		};
		446514CC1B8B5983007E63F4 /* Build configuration list for PBXNativeTarget "murmurhashNSData" */ = {
			isa = XCConfigurationList;
			buildConfigurations = (
				446514CD1B8B5983007E63F4 /* Debug */,
				446514CE1B8B5983007E63F4 /* Release */,
			);
			defaultConfigurationIsVisible = 0;
			defaultConfigurationName = Release;
		};
/* End XCConfigurationList section */
	};
	rootObject = 446514BD1B8B5983007E63F4 /* Project object */;
}
